{
    "_readme": [
        "This file locks the dependencies of your project to a known state",
        "Read more about it at https://getcomposer.org/doc/01-basic-usage.md#installing-dependencies",
        "This file is @generated automatically"
    ],
    "content-hash": "b3d1a43b9ca23404a7f77c07a0b63a24",
    "packages": [
        {
            "name": "cafetariahelper/php-composer-cafetaria-helper",
            "version": "2.0.0",
            "source": {
                "type": "git",
                "url": "https://github.com/mrosyidi/php-composer-cafetaria-helper.git",
                "reference": "6d885cb96d70256164fefd45a5235cfaf0e84a44"
            },
            "dist": {
                "type": "zip",
                "url": "https://api.github.com/repos/mrosyidi/php-composer-cafetaria-helper/zipball/6d885cb96d70256164fefd45a5235cfaf0e84a44",
                "reference": "6d885cb96d70256164fefd45a5235cfaf0e84a44",
                "shasum": ""
            },
            "type": "library",
            "autoload": {
                "psr-4": {
                    "Cafetaria\\Helper\\": "src/"
                }
            },
            "authors": [
                {
                    "name": "mrosyidi",
                    "email": "rosyidiyuekunchen@gmail.com"
                }
            ],
            "description": "Library Cafetaria Apps",
            "support": {
                "source": "https://github.com/mrosyidi/php-composer-cafetaria-helper/tree/2.0.0",
                "issues": "https://github.com/mrosyidi/php-composer-cafetaria-helper/issues"
            },
            "time": "2025-03-13T15:32:04+00:00"
        }
    ],
    "packages-dev": [],
    "aliases": [],
    "minimum-stability": "stable",
    "stability-flags": {},
    "prefer-stable": false,
    "prefer-lowest": false,
    "platform": {},
    "platform-dev": {},
    "plugin-api-version": "2.6.0"
}
